
Microsoft Visual Studio Solution File, Format Version 11.00
# Visual Studio 2010
Project("{FAE04EC0-301F-11D3-BF4B-00C04F79EFBC}") = "vjezba-02-01", "Assembly-CSharp-firstpass.csproj", "{91E69F69-2D77-0EC2-1769-563BC1CAD76B}"
EndProject
Project("{FAE04EC0-301F-11D3-BF4B-00C04F79EFBC}") = "vjezba-02-01", "Assembly-CSharp.csproj", "{0B87FC5D-D4F7-FE69-5983-0F6C2B260851}"
EndProject
Project("{FAE04EC0-301F-11D3-BF4B-00C04F79EFBC}") = "vjezba-02-01", "Assembly-CSharp-Editor-firstpass.csproj", "{16A8A05E-2D49-40EA-A132-285590150D5D}"
EndProject
Global
	GlobalSection(SolutionConfigurationPlatforms) = preSolution
		Debug|Any CPU = Debug|Any CPU
		Release|Any CPU = Release|Any CPU
	EndGlobalSection
	GlobalSection(ProjectConfigurationPlatforms) = postSolution
		{91E69F69-2D77-0EC2-1769-563BC1CAD76B}.Debug|Any CPU.ActiveCfg = Debug|Any CPU
		{91E69F69-2D77-0EC2-1769-563BC1CAD76B}.Debug|Any CPU.Build.0 = Debug|Any CPU
		{91E69F69-2D77-0EC2-1769-563BC1CAD76B}.Release|Any CPU.ActiveCfg = Release|Any CPU
		{91E69F69-2D77-0EC2-1769-563BC1CAD76B}.Release|Any CPU.Build.0 = Release|Any CPU
		{0B87FC5D-D4F7-FE69-5983-0F6C2B260851}.Debug|Any CPU.ActiveCfg = Debug|Any CPU
		{0B87FC5D-D4F7-FE69-5983-0F6C2B260851}.Debug|Any CPU.Build.0 = Debug|Any CPU
		{0B87FC5D-D4F7-FE69-5983-0F6C2B260851}.Release|Any CPU.ActiveCfg = Release|Any CPU
		{0B87FC5D-D4F7-FE69-5983-0F6C2B260851}.Release|Any CPU.Build.0 = Release|Any CPU
		{16A8A05E-2D49-40EA-A132-285590150D5D}.Debug|Any CPU.ActiveCfg = Debug|Any CPU
		{16A8A05E-2D49-40EA-A132-285590150D5D}.Debug|Any CPU.Build.0 = Debug|Any CPU
		{16A8A05E-2D49-40EA-A132-285590150D5D}.Release|Any CPU.ActiveCfg = Release|Any CPU
		{16A8A05E-2D49-40EA-A132-285590150D5D}.Release|Any CPU.Build.0 = Release|Any CPU
	EndGlobalSection
	GlobalSection(SolutionProperties) = preSolution
		HideSolutionNode = FALSE
	EndGlobalSection
	GlobalSection(MonoDevelopProperties) = preSolution
		StartupItem = Assembly-CSharp.csproj
	EndGlobalSection
EndGlobal
